{
  "name": "backend",
  "version": "1.0.0",
  "lockfileVersion": 3,
  "requires": true,
  "packages": {
    "": {
      "dependencies": {
        "project-management-tool": "file:.."
      }
    },
    "..": {
      "name": "project-management-tool",
      "version": "1.0.0",
      "license": "ISC",
      "dependencies": {
        "bcryptjs": "^2.4.3",
        "colors": "^1.4.0",
        "concurrently": "^7.0.0",
        "cors": "^2.8.5",
        "dotenv": "^16.0.0",
        "express": "^4.17.3",
        "express-async-handler": "^1.2.0",
        "jsonwebtoken": "^8.5.1",
        "mongoose": "^6.5.0",
        "multer": "^1.4.5-lts.1",
        "nodemon": "^2.0.15"
      }
    },
    "node_modules/project-management-tool": {
      "resolved": "..",
      "link": true
    }
  }
}
